// !$*UTF8*$!
{
	archiveVersion = 1;
	classes = {
	};
	objectVersion = 50;
	objects = {

/* Begin PBXBuildFile section */
		EB08C3D420DCAB2000A6AAAD /* AppDelegate.swift in Sources */ = {isa = PBXBuildFile; fileRef = EB08C3D320DCAB2000A6AAAD /* AppDelegate.swift */; };
		EB08C3D920DCAB2000A6AAAD /* Main.storyboard in Resources */ = {isa = PBXBuildFile; fileRef = EB08C3D720DCAB2000A6AAAD /* Main.storyboard */; };
		EB08C3DB20DCAB2000A6AAAD /* Assets.xcassets in Resources */ = {isa = PBXBuildFile; fileRef = EB08C3DA20DCAB2000A6AAAD /* Assets.xcassets */; };
		EB08C3DE20DCAB2000A6AAAD /* LaunchScreen.storyboard in Resources */ = {isa = PBXBuildFile; fileRef = EB08C3DC20DCAB2000A6AAAD /* LaunchScreen.storyboard */; };
		EB08C3E720DCABA000A6AAAD /* index.html in Resources */ = {isa = PBXBuildFile; fileRef = EB08C3E620DCABA000A6AAAD /* index.html */; };
		EB08C3E920DCABB800A6AAAD /* WebKitViewController.swift in Sources */ = {isa = PBXBuildFile; fileRef = EB08C3E820DCABB800A6AAAD /* WebKitViewController.swift */; };
/* End PBXBuildFile section */

/* Begin PBXFileReference section */
		EB08C3D020DCAB2000A6AAAD /* WKWebViewJavaScriptBridge.app */ = {isa = PBXFileReference; explicitFileType = wrapper.application; includeInIndex = 0; path = WKWebViewJavaScriptBridge.app; sourceTree = BUILT_PRODUCTS_DIR; };
		EB08C3D320DCAB2000A6AAAD /* AppDelegate.swift */ = {isa = PBXFileReference; lastKnownFileType = sourcecode.swift; path = AppDelegate.swift; sourceTree = "<group>"; };
		EB08C3D820DCAB2000A6AAAD /* Base */ = {isa = PBXFileReference; lastKnownFileType = file.storyboard; name = Base; path = Base.lproj/Main.storyboard; sourceTree = "<group>"; };
		EB08C3DA20DCAB2000A6AAAD /* Assets.xcassets */ = {isa = PBXFileReference; lastKnownFileType = folder.assetcatalog; path = Assets.xcassets; sourceTree = "<group>"; };
		EB08C3DD20DCAB2000A6AAAD /* Base */ = {isa = PBXFileReference; lastKnownFileType = file.storyboard; name = Base; path = Base.lproj/LaunchScreen.storyboard; sourceTree = "<group>"; };
		EB08C3DF20DCAB2000A6AAAD /* Info.plist */ = {isa = PBXFileReference; lastKnownFileType = text.plist.xml; path = Info.plist; sourceTree = "<group>"; };
		EB08C3E620DCABA000A6AAAD /* index.html */ = {isa = PBXFileReference; fileEncoding = 4; lastKnownFileType = text.html; path = index.html; sourceTree = "<group>"; };
		EB08C3E820DCABB800A6AAAD /* WebKitViewController.swift */ = {isa = PBXFileReference; fileEncoding = 4; lastKnownFileType = sourcecode.swift; path = WebKitViewController.swift; sourceTree = "<group>"; };
/* End PBXFileReference section */

/* Begin PBXFrameworksBuildPhase section */
		EB08C3CD20DCAB2000A6AAAD /* Frameworks */ = {
			isa = PBXFrameworksBuildPhase;
			buildActionMask = 2147483647;
			files = (
			);
			runOnlyForDeploymentPostprocessing = 0;
		};
/* End PBXFrameworksBuildPhase section */

/* Begin PBXGroup section */
		EB08C3C720DCAB2000A6AAAD = {
			isa = PBXGroup;
			children = (
				EB08C3D220DCAB2000A6AAAD /* WKWebViewJavaScriptBridge */,
				EB08C3D120DCAB2000A6AAAD /* Products */,
			);
			sourceTree = "<group>";
		};
		EB08C3D120DCAB2000A6AAAD /* Products */ = {
			isa = PBXGroup;
			children = (
				EB08C3D020DCAB2000A6AAAD /* WKWebViewJavaScriptBridge.app */,
			);
			name = Products;
			sourceTree = "<group>";
		};
		EB08C3D220DCAB2000A6AAAD /* WKWebViewJavaScriptBridge */ = {
			isa = PBXGroup;
			children = (
				EB08C3E520DCAB6100A6AAAD /* Supporting Files */,
				EB08C3E620DCABA000A6AAAD /* index.html */,
				EB08C3E820DCABB800A6AAAD /* WebKitViewController.swift */,
				EB08C3D720DCAB2000A6AAAD /* Main.storyboard */,
			);
			path = WKWebViewJavaScriptBridge;
			sourceTree = "<group>";
		};
		EB08C3E520DCAB6100A6AAAD /* Supporting Files */ = {
			isa = PBXGroup;
			children = (
				EB08C3D320DCAB2000A6AAAD /* AppDelegate.swift */,
				EB08C3DA20DCAB2000A6AAAD /* Assets.xcassets */,
				EB08C3DC20DCAB2000A6AAAD /* LaunchScreen.storyboard */,
				EB08C3DF20DCAB2000A6AAAD /* Info.plist */,
			);
			path = "Supporting Files";
			sourceTree = "<group>";
		};
/* End PBXGroup section */

/* Begin PBXNativeTarget section */
		EB08C3CF20DCAB2000A6AAAD /* WKWebViewJavaScriptBridge */ = {
			isa = PBXNativeTarget;
			buildConfigurationList = EB08C3E220DCAB2000A6AAAD /* Build configuration list for PBXNativeTarget "WKWebViewJavaScriptBridge" */;
			buildPhases = (
				EB08C3CC20DCAB2000A6AAAD /* Sources */,
				EB08C3CD20DCAB2000A6AAAD /* Frameworks */,
				EB08C3CE20DCAB2000A6AAAD /* Resources */,
			);
			buildRules = (
			);
			dependencies = (
			);
			name = WKWebViewJavaScriptBridge;
			productName = WKWebViewJavaScriptBridge;
			productReference = EB08C3D020DCAB2000A6AAAD /* WKWebViewJavaScriptBridge.app */;
			productType = "com.apple.product-type.application";
		};
/* End PBXNativeTarget section */

/* Begin PBXProject section */
		EB08C3C820DCAB2000A6AAAD /* Project object */ = {
			isa = PBXProject;
			attributes = {
				LastSwiftUpdateCheck = 0940;
				LastUpgradeCheck = 0940;
				ORGANIZATIONNAME = AppKit;
				TargetAttributes = {
					EB08C3CF20DCAB2000A6AAAD = {
						CreatedOnToolsVersion = 9.4;
					};
				};
			};
			buildConfigurationList = EB08C3CB20DCAB2000A6AAAD /* Build configuration list for PBXProject "WKWebViewJavaScriptBridge" */;
			compatibilityVersion = "Xcode 9.3";
			developmentRegion = en;
			hasScannedForEncodings = 0;
			knownRegions = (
				en,
				Base,
			);
			mainGroup = EB08C3C720DCAB2000A6AAAD;
			productRefGroup = EB08C3D120DCAB2000A6AAAD /* Products */;
			projectDirPath = "";
			projectRoot = "";
			targets = (
				EB08C3CF20DCAB2000A6AAAD /* WKWebViewJavaScriptBridge */,
			);
		};
/* End PBXProject section */

/* Begin PBXResourcesBuildPhase section */
		EB08C3CE20DCAB2000A6AAAD /* Resources */ = {
			isa = PBXResourcesBuildPhase;
			buildActionMask = 2147483647;
			files = (
				EB08C3E720DCABA000A6AAAD /* index.html in Resources */,
				EB08C3DE20DCAB2000A6AAAD /* LaunchScreen.storyboard in Resources */,
				EB08C3DB20DCAB2000A6AAAD /* Assets.xcassets in Resources */,
				EB08C3D920DCAB2000A6AAAD /* Main.storyboard in Resources */,
			);
			runOnlyForDeploymentPostprocessing = 0;
		};
/* End PBXResourcesBuildPhase section */

/* Begin PBXSourcesBuildPhase section */
		EB08C3CC20DCAB2000A6AAAD /* Sources */ = {
			isa = PBXSourcesBuildPhase;
			buildActionMask = 2147483647;
			files = (
				EB08C3D420DCAB2000A6AAAD /* AppDelegate.swift in Sources */,
				EB08C3E920DCABB800A6AAAD /* WebKitViewController.swift in Sources */,
			);
			runOnlyForDeploymentPostprocessing = 0;
		};
/* End PBXSourcesBuildPhase section */

/* Begin PBXVariantGroup section */
		EB08C3D720DCAB2000A6AAAD /* Main.storyboard */ = {
			isa = PBXVariantGroup;
			children = (
				EB08C3D820DCAB2000A6AAAD /* Base */,
			);
			name = Main.storyboard;
			sourceTree = "<group>";
		};
		EB08C3DC20DCAB2000A6AAAD /* LaunchScreen.storyboard */ = {
			isa = PBXVariantGroup;
			children = (
				EB08C3DD20DCAB2000A6AAAD /* Base */,
			);
			name = LaunchScreen.storyboard;
			sourceTree = "<group>";
		};
/* End PBXVariantGroup section */

/* Begin XCBuildConfiguration section */
		EB08C3E020DCAB2000A6AAAD /* Debug */ = {
			isa = XCBuildConfiguration;
			buildSettings = {
				ALWAYS_SEARCH_USER_PATHS = NO;
				CLANG_ANALYZER_NONNULL = YES;
				CLANG_ANALYZER_NUMBER_OBJECT_CONVERSION = YES_AGGRESSIVE;
				CLANG_CXX_LANGUAGE_STANDARD = "gnu++14";
				CLANG_CXX_LIBRARY = "libc++";
				CLANG_ENABLE_MODULES = YES;
				CLANG_ENABLE_OBJC_ARC = YES;
				CLANG_ENABLE_OBJC_WEAK = YES;
				CLANG_WARN_BLOCK_CAPTURE_AUTORELEASING = YES;
				CLANG_WARN_BOOL_CONVERSION = YES;
				CLANG_WARN_COMMA = YES;
				CLANG_WARN_CONSTANT_CONVERSION = YES;
				CLANG_WARN_DEPRECATED_OBJC_IMPLEMENTATIONS = YES;
				CLANG_WARN_DIRECT_OBJC_ISA_USAGE = YES_ERROR;
				CLANG_WARN_DOCUMENTATION_COMMENTS = YES;
				CLANG_WARN_EMPTY_BODY = YES;
				CLANG_WARN_ENUM_CONVERSION = YES;
				CLANG_WARN_INFINITE_RECURSION = YES;
				CLANG_WARN_INT_CONVERSION = YES;
				CLANG_WARN_NON_LITERAL_NULL_CONVERSION = YES;
				CLANG_WARN_OBJC_IMPLICIT_RETAIN_SELF = YES;
				CLANG_WARN_OBJC_LITERAL_CONVERSION = YES;
				CLANG_WARN_OBJC_ROOT_CLASS = YES_ERROR;
				CLANG_WARN_RANGE_LOOP_ANALYSIS = YES;
				CLANG_WARN_STRICT_PROTOTYPES = YES;
				CLANG_WARN_SUSPICIOUS_MOVE = YES;
				CLANG_WARN_UNGUARDED_AVAILABILITY = YES_AGGRESSIVE;
				CLANG_WARN_UNREACHABLE_CODE = YES;
				CLANG_WARN__DUPLICATE_METHOD_MATCH = YES;
				CODE_SIGN_IDENTITY = "iPhone Developer";
				COPY_PHASE_STRIP = NO;
				DEBUG_INFORMATION_FORMAT = dwarf;
				ENABLE_STRICT_OBJC_MSGSEND = YES;
				ENABLE_TESTABILITY = YES;
				GCC_C_LANGUAGE_STANDARD = gnu11;
				GCC_DYNAMIC_NO_PIC = NO;
				GCC_NO_COMMON_BLOCKS = YES;
				GCC_OPTIMIZATION_LEVEL = 0;
				GCC_PREPROCESSOR_DEFINITIONS = (
					"DEBUG=1",
					"$(inherited)",
				);
				GCC_WARN_64_TO_32_BIT_CONVERSION = YES;
				GCC_WARN_ABOUT_RETURN_TYPE = YES_ERROR;
				GCC_WARN_UNDECLARED_SELECTOR = YES;
				GCC_WARN_UNINITIALIZED_AUTOS = YES_AGGRESSIVE;
				GCC_WARN_UNUSED_FUNCTION = YES;
				GCC_WARN_UNUSED_VARIABLE = YES;
				IPHONEOS_DEPLOYMENT_TARGET = 11.4;
				MTL_ENABLE_DEBUG_INFO = YES;
				ONLY_ACTIVE_ARCH = YES;
				SDKROOT = iphoneos;
				SWIFT_ACTIVE_COMPILATION_CONDITIONS = DEBUG;
				SWIFT_OPTIMIZATION_LEVEL = "-Onone";
			};
			name = Debug;
		};
		EB08C3E120DCAB2000A6AAAD /* Release */ = {
			isa = XCBuildConfiguration;
			buildSettings = {
				ALWAYS_SEARCH_USER_PATHS = NO;
				CLANG_ANALYZER_NONNULL = YES;
				CLANG_ANALYZER_NUMBER_OBJECT_CONVERSION = YES_AGGRESSIVE;
				CLANG_CXX_LANGUAGE_STANDARD = "gnu++14";
				CLANG_CXX_LIBRARY = "libc++";
				CLANG_ENABLE_MODULES = YES;
				CLANG_ENABLE_OBJC_ARC = YES;
				CLANG_ENABLE_OBJC_WEAK = YES;
				CLANG_WARN_BLOCK_CAPTURE_AUTORELEASING = YES;
				CLANG_WARN_BOOL_CONVERSION = YES;
				CLANG_WARN_COMMA = YES;
				CLANG_WARN_CONSTANT_CONVERSION = YES;
				CLANG_WARN_DEPRECATED_OBJC_IMPLEMENTATIONS = YES;
				CLANG_WARN_DIRECT_OBJC_ISA_USAGE = YES_ERROR;
				CLANG_WARN_DOCUMENTATION_COMMENTS = YES;
				CLANG_WARN_EMPTY_BODY = YES;
				CLANG_WARN_ENUM_CONVERSION = YES;
				CLANG_WARN_INFINITE_RECURSION = YES;
				CLANG_WARN_INT_CONVERSION = YES;
				CLANG_WARN_NON_LITERAL_NULL_CONVERSION = YES;
				CLANG_WARN_OBJC_IMPLICIT_RETAIN_SELF = YES;
				CLANG_WARN_OBJC_LITERAL_CONVERSION = YES;
				CLANG_WARN_OBJC_ROOT_CLASS = YES_ERROR;
				CLANG_WARN_RANGE_LOOP_ANALYSIS = YES;
				CLANG_WARN_STRICT_PROTOTYPES = YES;
				CLANG_WARN_SUSPICIOUS_MOVE = YES;
				CLANG_WARN_UNGUARDED_AVAILABILITY = YES_AGGRESSIVE;
				CLANG_WARN_UNREACHABLE_CODE = YES;
				CLANG_WARN__DUPLICATE_METHOD_MATCH = YES;
				CODE_SIGN_IDENTITY = "iPhone Developer";
				COPY_PHASE_STRIP = NO;
				DEBUG_INFORMATION_FORMAT = "dwarf-with-dsym";
				ENABLE_NS_ASSERTIONS = NO;
				ENABLE_STRICT_OBJC_MSGSEND = YES;
				GCC_C_LANGUAGE_STANDARD = gnu11;
				GCC_NO_COMMON_BLOCKS = YES;
				GCC_WARN_64_TO_32_BIT_CONVERSION = YES;
				GCC_WARN_ABOUT_RETURN_TYPE = YES_ERROR;
				GCC_WARN_UNDECLARED_SELECTOR = YES;
				GCC_WARN_UNINITIALIZED_AUTOS = YES_AGGRESSIVE;
				GCC_WARN_UNUSED_FUNCTION = YES;
				GCC_WARN_UNUSED_VARIABLE = YES;
				IPHONEOS_DEPLOYMENT_TARGET = 11.4;
				MTL_ENABLE_DEBUG_INFO = NO;
				SDKROOT = iphoneos;
				SWIFT_COMPILATION_MODE = wholemodule;
				SWIFT_OPTIMIZATION_LEVEL = "-O";
				VALIDATE_PRODUCT = YES;
			};
			name = Release;
		};
		EB08C3E320DCAB2000A6AAAD /* Debug */ = {
			isa = XCBuildConfiguration;
			buildSettings = {
				ASSETCATALOG_COMPILER_APPICON_NAME = AppIcon;
				CODE_SIGN_STYLE = Automatic;
				INFOPLIST_FILE = "$(SRCROOT)/WKWebViewJavaScriptBridge/Supporting Files/Info.plist";
				LD_RUNPATH_SEARCH_PATHS = (
					"$(inherited)",
					"@executable_path/Frameworks",
				);
				PRODUCT_BUNDLE_IDENTIFIER = me.appkit.WKWebViewJavaScriptBridge;
				PRODUCT_NAME = "$(TARGET_NAME)";
				SWIFT_VERSION = 4.0;
				TARGETED_DEVICE_FAMILY = "1,2";
			};
			name = Debug;
		};
		EB08C3E420DCAB2000A6AAAD /* Release */ = {
			isa = XCBuildConfiguration;
			buildSettings = {
				ASSETCATALOG_COMPILER_APPICON_NAME = AppIcon;
				CODE_SIGN_STYLE = Automatic;
				INFOPLIST_FILE = "$(SRCROOT)/WKWebViewJavaScriptBridge/Supporting Files/Info.plist";
				LD_RUNPATH_SEARCH_PATHS = (
					"$(inherited)",
					"@executable_path/Frameworks",
				);
				PRODUCT_BUNDLE_IDENTIFIER = me.appkit.WKWebViewJavaScriptBridge;
				PRODUCT_NAME = "$(TARGET_NAME)";
				SWIFT_VERSION = 4.0;
				TARGETED_DEVICE_FAMILY = "1,2";
			};
			name = Release;
		};
/* End XCBuildConfiguration section */

/* Begin XCConfigurationList section */
		EB08C3CB20DCAB2000A6AAAD /* Build configuration list for PBXProject "WKWebViewJavaScriptBridge" */ = {
			isa = XCConfigurationList;
			buildConfigurations = (
				EB08C3E020DCAB2000A6AAAD /* Debug */,
				EB08C3E120DCAB2000A6AAAD /* Release */,
			);
			defaultConfigurationIsVisible = 0;
			defaultConfigurationName = Release;
		};
		EB08C3E220DCAB2000A6AAAD /* Build configuration list for PBXNativeTarget "WKWebViewJavaScriptBridge" */ = {
			isa = XCConfigurationList;
			buildConfigurations = (
				EB08C3E320DCAB2000A6AAAD /* Debug */,
				EB08C3E420DCAB2000A6AAAD /* Release */,
			);
			defaultConfigurationIsVisible = 0;
			defaultConfigurationName = Release;
		};
/* End XCConfigurationList section */
	};
	rootObject = EB08C3C820DCAB2000A6AAAD /* Project object */;
}
